
Microsoft Visual Studio Solution File, Format Version 12.00
# Visual Studio 15
VisualStudioVersion = 15.0.27703.2042
MinimumVisualStudioVersion = 10.0.40219.1
Project("{FAE04EC0-301F-11D3-BF4B-00C04F79EFBC}") = "ServiceHost", "ServiceHost\ServiceHost.csproj", "{02F30A2F-650E-4D61-B288-7B488D1B6674}"
EndProject
Project("{FAE04EC0-301F-11D3-BF4B-00C04F79EFBC}") = "WeatherService", "WeatherService\WeatherService.csproj", "{6827CB9F-82BC-4068-8DD8-E173DE666F36}"
EndProject
Project("{FAE04EC0-301F-11D3-BF4B-00C04F79EFBC}") = "LuckyNumberService", "LuckyNumberService\LuckyNumberService.csproj", "{54ED4317-5ECE-4FAC-9C8D-97D4D1135001}"
EndProject
Project("{FAE04EC0-301F-11D3-BF4B-00C04F79EFBC}") = "ServiceHost.AutofacModules", "ServiceHost.AutofacModules\ServiceHost.AutofacModules.csproj", "{648DC961-C6C6-4172-9482-45A12442FCFF}"
EndProject
Project("{FAE04EC0-301F-11D3-BF4B-00C04F79EFBC}") = "ServiceHost.Workers", "ServiceHost.Workers\ServiceHost.Workers.csproj", "{D3C140A0-7132-4EAA-9550-27245977CC12}"
EndProject
Global
	GlobalSection(SolutionConfigurationPlatforms) = preSolution
		Debug|Any CPU = Debug|Any CPU
		Release|Any CPU = Release|Any CPU
	EndGlobalSection
	GlobalSection(ProjectConfigurationPlatforms) = postSolution
		{02F30A2F-650E-4D61-B288-7B488D1B6674}.Debug|Any CPU.ActiveCfg = Debug|Any CPU
		{02F30A2F-650E-4D61-B288-7B488D1B6674}.Debug|Any CPU.Build.0 = Debug|Any CPU
		{02F30A2F-650E-4D61-B288-7B488D1B6674}.Release|Any CPU.ActiveCfg = Release|Any CPU
		{02F30A2F-650E-4D61-B288-7B488D1B6674}.Release|Any CPU.Build.0 = Release|Any CPU
		{6827CB9F-82BC-4068-8DD8-E173DE666F36}.Debug|Any CPU.ActiveCfg = Debug|Any CPU
		{6827CB9F-82BC-4068-8DD8-E173DE666F36}.Debug|Any CPU.Build.0 = Debug|Any CPU
		{6827CB9F-82BC-4068-8DD8-E173DE666F36}.Release|Any CPU.ActiveCfg = Release|Any CPU
		{6827CB9F-82BC-4068-8DD8-E173DE666F36}.Release|Any CPU.Build.0 = Release|Any CPU
		{54ED4317-5ECE-4FAC-9C8D-97D4D1135001}.Debug|Any CPU.ActiveCfg = Debug|Any CPU
		{54ED4317-5ECE-4FAC-9C8D-97D4D1135001}.Debug|Any CPU.Build.0 = Debug|Any CPU
		{54ED4317-5ECE-4FAC-9C8D-97D4D1135001}.Release|Any CPU.ActiveCfg = Release|Any CPU
		{54ED4317-5ECE-4FAC-9C8D-97D4D1135001}.Release|Any CPU.Build.0 = Release|Any CPU
		{648DC961-C6C6-4172-9482-45A12442FCFF}.Debug|Any CPU.ActiveCfg = Debug|Any CPU
		{648DC961-C6C6-4172-9482-45A12442FCFF}.Debug|Any CPU.Build.0 = Debug|Any CPU
		{648DC961-C6C6-4172-9482-45A12442FCFF}.Release|Any CPU.ActiveCfg = Release|Any CPU
		{648DC961-C6C6-4172-9482-45A12442FCFF}.Release|Any CPU.Build.0 = Release|Any CPU
		{D3C140A0-7132-4EAA-9550-27245977CC12}.Debug|Any CPU.ActiveCfg = Debug|Any CPU
		{D3C140A0-7132-4EAA-9550-27245977CC12}.Debug|Any CPU.Build.0 = Debug|Any CPU
		{D3C140A0-7132-4EAA-9550-27245977CC12}.Release|Any CPU.ActiveCfg = Release|Any CPU
		{D3C140A0-7132-4EAA-9550-27245977CC12}.Release|Any CPU.Build.0 = Release|Any CPU
	EndGlobalSection
	GlobalSection(SolutionProperties) = preSolution
		HideSolutionNode = FALSE
	EndGlobalSection
	GlobalSection(ExtensibilityGlobals) = postSolution
		SolutionGuid = {771DBB1A-83AA-45D2-B836-544F18B89DD9}
	EndGlobalSection
EndGlobal
